
Microsoft Visual Studio Solution File, Format Version 12.00
# Visual Studio 15
VisualStudioVersion = 15.0.28010.2026
MinimumVisualStudioVersion = 10.0.40219.1
Project("{FAE04EC0-301F-11D3-BF4B-00C04F79EFBC}") = "FunctionApp1", "FunctionApp1\FunctionApp1.csproj", "{BF84514F-8C5D-4B04-AB6D-F65F3B1E4339}"
EndProject
Global
	GlobalSection(SolutionConfigurationPlatforms) = preSolution
		Debug|Any CPU = Debug|Any CPU
		Release|Any CPU = Release|Any CPU
	EndGlobalSection
	GlobalSection(ProjectConfigurationPlatforms) = postSolution
		{BF84514F-8C5D-4B04-AB6D-F65F3B1E4339}.Debug|Any CPU.ActiveCfg = Debug|Any CPU
		{BF84514F-8C5D-4B04-AB6D-F65F3B1E4339}.Debug|Any CPU.Build.0 = Debug|Any CPU
		{BF84514F-8C5D-4B04-AB6D-F65F3B1E4339}.Release|Any CPU.ActiveCfg = Release|Any CPU
		{BF84514F-8C5D-4B04-AB6D-F65F3B1E4339}.Release|Any CPU.Build.0 = Release|Any CPU
	EndGlobalSection
	GlobalSection(SolutionProperties) = preSolution
		HideSolutionNode = FALSE
	EndGlobalSection
	GlobalSection(ExtensibilityGlobals) = postSolution
		SolutionGuid = {133C31ED-003F-4F48-A1AD-AC08ADB7C0B0}
	EndGlobalSection
EndGlobal
